PODS:
  - Alamofire (5.0.5)
  - ReachabilitySwift (5.0.0)
  - RxBlocking (5.1.1):
    - RxSwift (~> 5)
  - RxCocoa (5.1.1):
    - RxRelay (~> 5)
    - RxSwift (~> 5)
  - RxRelay (5.1.1):
    - RxSwift (~> 5)
  - RxSwift (5.1.1)
  - RxTest (5.1.1):
    - RxSwift (~> 5)
  - SDWebImage (5.6.1):
    - SDWebImage/Core (= 5.6.1)
  - SDWebImage/Core (5.6.1)
  - SDWebImageSwiftUI (1.1.0):
    - SDWebImage (~> 5.3)

DEPENDENCIES:
  - Alamofire
  - ReachabilitySwift (~> 5.0.0)
  - RxBlocking (~> 5)
  - RxCocoa (~> 5)
  - RxSwift (~> 5)
  - RxTest (~> 5)
  - SDWebImage
  - SDWebImageSwiftUI

SPEC REPOS:
  trunk:
    - Alamofire
    - ReachabilitySwift
    - RxBlocking
    - RxCocoa
    - RxRelay
    - RxSwift
    - RxTest
    - SDWebImage
    - SDWebImageSwiftUI

SPEC CHECKSUMS:
  Alamofire: df2f8f826963b08b9a870791ad48e07a10090b2e
  ReachabilitySwift: 985039c6f7b23a1da463388634119492ff86c825
  RxBlocking: 5f700a78cad61ce253ebd37c9a39b5ccc76477b4
  RxCocoa: 32065309a38d29b5b0db858819b5bf9ef038b601
  RxRelay: d77f7d771495f43c556cbc43eebd1bb54d01e8e9
  RxSwift: 81470a2074fa8780320ea5fe4102807cb7118178
  RxTest: 711632d5644dffbeb62c936a521b5b008a1e1faa
  SDWebImage: 7edb9c3ea661e77a66661f7f044de8c1b55d1120
  SDWebImageSwiftUI: cb319bb79973f3b30602c2c1b5c5356af5b3ad32

PODFILE CHECKSUM: 8734c78add093867762f1cd5bf67ae36450634bd

COCOAPODS: 1.8.4
